
Microsoft Visual Studio Solution File, Format Version 12.00
# Visual Studio Version 17
VisualStudioVersion = 17.11.35222.181
MinimumVisualStudioVersion = 10.0.40219.1
Project("{FAE04EC0-301F-11D3-BF4B-00C04F79EFBC}") = "Task", "Task\Task.csproj", "{3257471C-F2E6-4AA2-BFB5-EAFC594E96EA}"
EndProject
Global
	GlobalSection(SolutionConfigurationPlatforms) = preSolution
		Debug|Any CPU = Debug|Any CPU
		Release|Any CPU = Release|Any CPU
	EndGlobalSection
	GlobalSection(ProjectConfigurationPlatforms) = postSolution
		{3257471C-F2E6-4AA2-BFB5-EAFC594E96EA}.Debug|Any CPU.ActiveCfg = Debug|Any CPU
		{3257471C-F2E6-4AA2-BFB5-EAFC594E96EA}.Debug|Any CPU.Build.0 = Debug|Any CPU
		{3257471C-F2E6-4AA2-BFB5-EAFC594E96EA}.Release|Any CPU.ActiveCfg = Release|Any CPU
		{3257471C-F2E6-4AA2-BFB5-EAFC594E96EA}.Release|Any CPU.Build.0 = Release|Any CPU
	EndGlobalSection
	GlobalSection(SolutionProperties) = preSolution
		HideSolutionNode = FALSE
	EndGlobalSection
	GlobalSection(ExtensibilityGlobals) = postSolution
		SolutionGuid = {197723D6-066C-44BF-B8EA-9EAFC73992D8}
	EndGlobalSection
EndGlobal
